
Microsoft Visual Studio Solution File, Format Version 12.00
# Visual Studio Version 17
VisualStudioVersion = 17.13.35818.85 d17.13
MinimumVisualStudioVersion = 10.0.40219.1
Project("{FAE04EC0-301F-11D3-BF4B-00C04F79EFBC}") = "Study021", "Study021\Study021.csproj", "{60030461-D5A4-4DB0-B82D-930B2D2BE8F2}"
EndProject
Global
	GlobalSection(SolutionConfigurationPlatforms) = preSolution
		Debug|Any CPU = Debug|Any CPU
		Release|Any CPU = Release|Any CPU
	EndGlobalSection
	GlobalSection(ProjectConfigurationPlatforms) = postSolution
		{60030461-D5A4-4DB0-B82D-930B2D2BE8F2}.Debug|Any CPU.ActiveCfg = Debug|Any CPU
		{60030461-D5A4-4DB0-B82D-930B2D2BE8F2}.Debug|Any CPU.Build.0 = Debug|Any CPU
		{60030461-D5A4-4DB0-B82D-930B2D2BE8F2}.Release|Any CPU.ActiveCfg = Release|Any CPU
		{60030461-D5A4-4DB0-B82D-930B2D2BE8F2}.Release|Any CPU.Build.0 = Release|Any CPU
	EndGlobalSection
	GlobalSection(SolutionProperties) = preSolution
		HideSolutionNode = FALSE
	EndGlobalSection
	GlobalSection(ExtensibilityGlobals) = postSolution
		SolutionGuid = {B2EB52D4-3D45-402C-884F-9C31393A32B4}
	EndGlobalSection
EndGlobal
