
Microsoft Visual Studio Solution File, Format Version 12.00
# Visual Studio Version 17
VisualStudioVersion = 17.13.35818.85 d17.13
MinimumVisualStudioVersion = 10.0.40219.1
Project("{FAE04EC0-301F-11D3-BF4B-00C04F79EFBC}") = "Study040", "Study040\Study040.csproj", "{AD9B91BA-2854-41C1-8A7E-AFBDA39910E5}"
EndProject
Global
	GlobalSection(SolutionConfigurationPlatforms) = preSolution
		Debug|Any CPU = Debug|Any CPU
		Release|Any CPU = Release|Any CPU
	EndGlobalSection
	GlobalSection(ProjectConfigurationPlatforms) = postSolution
		{AD9B91BA-2854-41C1-8A7E-AFBDA39910E5}.Debug|Any CPU.ActiveCfg = Debug|Any CPU
		{AD9B91BA-2854-41C1-8A7E-AFBDA39910E5}.Debug|Any CPU.Build.0 = Debug|Any CPU
		{AD9B91BA-2854-41C1-8A7E-AFBDA39910E5}.Release|Any CPU.ActiveCfg = Release|Any CPU
		{AD9B91BA-2854-41C1-8A7E-AFBDA39910E5}.Release|Any CPU.Build.0 = Release|Any CPU
	EndGlobalSection
	GlobalSection(SolutionProperties) = preSolution
		HideSolutionNode = FALSE
	EndGlobalSection
	GlobalSection(ExtensibilityGlobals) = postSolution
		SolutionGuid = {8ED279D5-A416-4C4B-9C11-EDAC871337F3}
	EndGlobalSection
EndGlobal
