
Microsoft Visual Studio Solution File, Format Version 12.00
# Visual Studio Version 17
VisualStudioVersion = 17.13.35818.85 d17.13
MinimumVisualStudioVersion = 10.0.40219.1
Project("{FAE04EC0-301F-11D3-BF4B-00C04F79EFBC}") = "Study033", "Study033\Study033.csproj", "{DFAFCE16-5266-4FFF-8EC8-89BC22820A4A}"
EndProject
Global
	GlobalSection(SolutionConfigurationPlatforms) = preSolution
		Debug|Any CPU = Debug|Any CPU
		Release|Any CPU = Release|Any CPU
	EndGlobalSection
	GlobalSection(ProjectConfigurationPlatforms) = postSolution
		{DFAFCE16-5266-4FFF-8EC8-89BC22820A4A}.Debug|Any CPU.ActiveCfg = Debug|Any CPU
		{DFAFCE16-5266-4FFF-8EC8-89BC22820A4A}.Debug|Any CPU.Build.0 = Debug|Any CPU
		{DFAFCE16-5266-4FFF-8EC8-89BC22820A4A}.Release|Any CPU.ActiveCfg = Release|Any CPU
		{DFAFCE16-5266-4FFF-8EC8-89BC22820A4A}.Release|Any CPU.Build.0 = Release|Any CPU
	EndGlobalSection
	GlobalSection(SolutionProperties) = preSolution
		HideSolutionNode = FALSE
	EndGlobalSection
	GlobalSection(ExtensibilityGlobals) = postSolution
		SolutionGuid = {F724209F-23EA-408F-8D3E-7E5E52D1269E}
	EndGlobalSection
EndGlobal
