
Microsoft Visual Studio Solution File, Format Version 12.00
# Visual Studio Version 17
VisualStudioVersion = 17.13.35818.85 d17.13
MinimumVisualStudioVersion = 10.0.40219.1
Project("{FAE04EC0-301F-11D3-BF4B-00C04F79EFBC}") = "Study024", "Study024\Study024.csproj", "{A59D4246-A9D1-404C-968D-12CE4BE8F10F}"
EndProject
Global
	GlobalSection(SolutionConfigurationPlatforms) = preSolution
		Debug|Any CPU = Debug|Any CPU
		Release|Any CPU = Release|Any CPU
	EndGlobalSection
	GlobalSection(ProjectConfigurationPlatforms) = postSolution
		{A59D4246-A9D1-404C-968D-12CE4BE8F10F}.Debug|Any CPU.ActiveCfg = Debug|Any CPU
		{A59D4246-A9D1-404C-968D-12CE4BE8F10F}.Debug|Any CPU.Build.0 = Debug|Any CPU
		{A59D4246-A9D1-404C-968D-12CE4BE8F10F}.Release|Any CPU.ActiveCfg = Release|Any CPU
		{A59D4246-A9D1-404C-968D-12CE4BE8F10F}.Release|Any CPU.Build.0 = Release|Any CPU
	EndGlobalSection
	GlobalSection(SolutionProperties) = preSolution
		HideSolutionNode = FALSE
	EndGlobalSection
	GlobalSection(ExtensibilityGlobals) = postSolution
		SolutionGuid = {3EBC8B4A-09C1-4F6B-BC0A-B10B5416ACEF}
	EndGlobalSection
EndGlobal
