
Microsoft Visual Studio Solution File, Format Version 12.00
# Visual Studio Version 17
VisualStudioVersion = 17.13.35818.85 d17.13
MinimumVisualStudioVersion = 10.0.40219.1
Project("{FAE04EC0-301F-11D3-BF4B-00C04F79EFBC}") = "Study028", "Study028\Study028.csproj", "{6417C530-204C-4726-A8BC-A2D6ECD2FE0A}"
EndProject
Global
	GlobalSection(SolutionConfigurationPlatforms) = preSolution
		Debug|Any CPU = Debug|Any CPU
		Release|Any CPU = Release|Any CPU
	EndGlobalSection
	GlobalSection(ProjectConfigurationPlatforms) = postSolution
		{6417C530-204C-4726-A8BC-A2D6ECD2FE0A}.Debug|Any CPU.ActiveCfg = Debug|Any CPU
		{6417C530-204C-4726-A8BC-A2D6ECD2FE0A}.Debug|Any CPU.Build.0 = Debug|Any CPU
		{6417C530-204C-4726-A8BC-A2D6ECD2FE0A}.Release|Any CPU.ActiveCfg = Release|Any CPU
		{6417C530-204C-4726-A8BC-A2D6ECD2FE0A}.Release|Any CPU.Build.0 = Release|Any CPU
	EndGlobalSection
	GlobalSection(SolutionProperties) = preSolution
		HideSolutionNode = FALSE
	EndGlobalSection
	GlobalSection(ExtensibilityGlobals) = postSolution
		SolutionGuid = {5A6BB212-0D64-4DAB-A597-2F4F7019D865}
	EndGlobalSection
EndGlobal
