
Microsoft Visual Studio Solution File, Format Version 12.00
# Visual Studio Version 17
VisualStudioVersion = 17.13.35818.85 d17.13
MinimumVisualStudioVersion = 10.0.40219.1
Project("{FAE04EC0-301F-11D3-BF4B-00C04F79EFBC}") = "LikeLion016", "LikeLion016\LikeLion016.csproj", "{B4A85333-B5A8-47A0-A0AC-2D69C1A62860}"
EndProject
Global
	GlobalSection(SolutionConfigurationPlatforms) = preSolution
		Debug|Any CPU = Debug|Any CPU
		Release|Any CPU = Release|Any CPU
	EndGlobalSection
	GlobalSection(ProjectConfigurationPlatforms) = postSolution
		{B4A85333-B5A8-47A0-A0AC-2D69C1A62860}.Debug|Any CPU.ActiveCfg = Debug|Any CPU
		{B4A85333-B5A8-47A0-A0AC-2D69C1A62860}.Debug|Any CPU.Build.0 = Debug|Any CPU
		{B4A85333-B5A8-47A0-A0AC-2D69C1A62860}.Release|Any CPU.ActiveCfg = Release|Any CPU
		{B4A85333-B5A8-47A0-A0AC-2D69C1A62860}.Release|Any CPU.Build.0 = Release|Any CPU
	EndGlobalSection
	GlobalSection(SolutionProperties) = preSolution
		HideSolutionNode = FALSE
	EndGlobalSection
	GlobalSection(ExtensibilityGlobals) = postSolution
		SolutionGuid = {388909EB-B75A-4F32-83C3-D30130564CB4}
	EndGlobalSection
EndGlobal
