
Microsoft Visual Studio Solution File, Format Version 12.00
# Visual Studio Version 17
VisualStudioVersion = 17.13.35818.85 d17.13
MinimumVisualStudioVersion = 10.0.40219.1
Project("{FAE04EC0-301F-11D3-BF4B-00C04F79EFBC}") = "ShootingGame002", "ShootingGame002\ShootingGame002.csproj", "{A5EC0637-6295-4666-9764-1491C48F6B63}"
EndProject
Global
	GlobalSection(SolutionConfigurationPlatforms) = preSolution
		Debug|Any CPU = Debug|Any CPU
		Release|Any CPU = Release|Any CPU
	EndGlobalSection
	GlobalSection(ProjectConfigurationPlatforms) = postSolution
		{A5EC0637-6295-4666-9764-1491C48F6B63}.Debug|Any CPU.ActiveCfg = Debug|Any CPU
		{A5EC0637-6295-4666-9764-1491C48F6B63}.Debug|Any CPU.Build.0 = Debug|Any CPU
		{A5EC0637-6295-4666-9764-1491C48F6B63}.Release|Any CPU.ActiveCfg = Release|Any CPU
		{A5EC0637-6295-4666-9764-1491C48F6B63}.Release|Any CPU.Build.0 = Release|Any CPU
	EndGlobalSection
	GlobalSection(SolutionProperties) = preSolution
		HideSolutionNode = FALSE
	EndGlobalSection
	GlobalSection(ExtensibilityGlobals) = postSolution
		SolutionGuid = {0ECFA49F-1E8E-4F89-AC2F-23C1B6EBF993}
	EndGlobalSection
EndGlobal
