
Microsoft Visual Studio Solution File, Format Version 12.00
# Visual Studio Version 17
VisualStudioVersion = 17.13.35818.85 d17.13
MinimumVisualStudioVersion = 10.0.40219.1
Project("{FAE04EC0-301F-11D3-BF4B-00C04F79EFBC}") = "TextRPG", "TextRPG\TextRPG.csproj", "{0F7EDE4A-D725-4D66-8A08-2DC6B24FC35D}"
EndProject
Global
	GlobalSection(SolutionConfigurationPlatforms) = preSolution
		Debug|Any CPU = Debug|Any CPU
		Release|Any CPU = Release|Any CPU
	EndGlobalSection
	GlobalSection(ProjectConfigurationPlatforms) = postSolution
		{0F7EDE4A-D725-4D66-8A08-2DC6B24FC35D}.Debug|Any CPU.ActiveCfg = Debug|Any CPU
		{0F7EDE4A-D725-4D66-8A08-2DC6B24FC35D}.Debug|Any CPU.Build.0 = Debug|Any CPU
		{0F7EDE4A-D725-4D66-8A08-2DC6B24FC35D}.Release|Any CPU.ActiveCfg = Release|Any CPU
		{0F7EDE4A-D725-4D66-8A08-2DC6B24FC35D}.Release|Any CPU.Build.0 = Release|Any CPU
	EndGlobalSection
	GlobalSection(SolutionProperties) = preSolution
		HideSolutionNode = FALSE
	EndGlobalSection
	GlobalSection(ExtensibilityGlobals) = postSolution
		SolutionGuid = {DBA220B3-703F-41D9-B0E9-B7B103FF6BED}
	EndGlobalSection
EndGlobal
